
Microsoft Visual Studio Solution File, Format Version 12.00
# Visual Studio Version 17
VisualStudioVersion = 17.10.35013.160
MinimumVisualStudioVersion = 10.0.40219.1
Project("{FAE04EC0-301F-11D3-BF4B-00C04F79EFBC}") = "DBHelper", "DBHelper\DBHelper.csproj", "{0E2CC5A7-F492-401D-AA89-31021687078A}"
EndProject
Project("{FAE04EC0-301F-11D3-BF4B-00C04F79EFBC}") = "DBHelper.Test", "DBHelper.Test\DBHelper.Test.csproj", "{62BA340F-15A4-492F-B37C-C942B9030700}"
EndProject
Global
	GlobalSection(SolutionConfigurationPlatforms) = preSolution
		Debug|Any CPU = Debug|Any CPU
		Release|Any CPU = Release|Any CPU
	EndGlobalSection
	GlobalSection(ProjectConfigurationPlatforms) = postSolution
		{0E2CC5A7-F492-401D-AA89-31021687078A}.Debug|Any CPU.ActiveCfg = Debug|Any CPU
		{0E2CC5A7-F492-401D-AA89-31021687078A}.Debug|Any CPU.Build.0 = Debug|Any CPU
		{0E2CC5A7-F492-401D-AA89-31021687078A}.Release|Any CPU.ActiveCfg = Release|Any CPU
		{0E2CC5A7-F492-401D-AA89-31021687078A}.Release|Any CPU.Build.0 = Release|Any CPU
		{62BA340F-15A4-492F-B37C-C942B9030700}.Debug|Any CPU.ActiveCfg = Debug|Any CPU
		{62BA340F-15A4-492F-B37C-C942B9030700}.Debug|Any CPU.Build.0 = Debug|Any CPU
		{62BA340F-15A4-492F-B37C-C942B9030700}.Release|Any CPU.ActiveCfg = Release|Any CPU
		{62BA340F-15A4-492F-B37C-C942B9030700}.Release|Any CPU.Build.0 = Release|Any CPU
	EndGlobalSection
	GlobalSection(SolutionProperties) = preSolution
		HideSolutionNode = FALSE
	EndGlobalSection
EndGlobal
